// !$*UTF8*$!
{
	archiveVersion = 1;
	classes = {
	};
	objectVersion = 46;
	objects = {

/* Begin PBXBuildFile section */
		771E3A881C7F004000EFAB37 /* main.m in Sources */ = {isa = PBXBuildFile; fileRef = 771E3A871C7F004000EFAB37 /* main.m */; };
		771E3A8B1C7F004000EFAB37 /* AppDelegate.m in Sources */ = {isa = PBXBuildFile; fileRef = 771E3A8A1C7F004000EFAB37 /* AppDelegate.m */; };
		771E3A8D1C7F004000EFAB37 /* BGMListForIOS-Prefix.pch in Resources */ = {isa = PBXBuildFile; fileRef = 771E3A8C1C7F004000EFAB37 /* BGMListForIOS-Prefix.pch */; };
		771E3A8F1C7F004000EFAB37 /* Assets.xcassets in Resources */ = {isa = PBXBuildFile; fileRef = 771E3A8E1C7F004000EFAB37 /* Assets.xcassets */; };
		771E3A921C7F004000EFAB37 /* LaunchScreen.storyboard in Resources */ = {isa = PBXBuildFile; fileRef = 771E3A901C7F004000EFAB37 /* LaunchScreen.storyboard */; };
		771E3A9E1C7F012800EFAB37 /* BGMBangumi.m in Sources */ = {isa = PBXBuildFile; fileRef = 771E3A9D1C7F012800EFAB37 /* BGMBangumi.m */; };
		771E3AA11C7F0A1000EFAB37 /* BGMSeason.m in Sources */ = {isa = PBXBuildFile; fileRef = 771E3AA01C7F0A1000EFAB37 /* BGMSeason.m */; };
		772975101C7F308D004586A2 /* BGMBangumiStore.m in Sources */ = {isa = PBXBuildFile; fileRef = 7729750F1C7F308D004586A2 /* BGMBangumiStore.m */; };
		772975161C7F3578004586A2 /* BGMTableViewController.m in Sources */ = {isa = PBXBuildFile; fileRef = 772975151C7F3578004586A2 /* BGMTableViewController.m */; };
		774489491C8228180058110D /* BGMImageStore.m in Sources */ = {isa = PBXBuildFile; fileRef = 774489481C8228180058110D /* BGMImageStore.m */; };
		7744894C1C84A88E0058110D /* BGMDataStore.m in Sources */ = {isa = PBXBuildFile; fileRef = 7744894B1C84A88E0058110D /* BGMDataStore.m */; };
		77DE9C301C809C4A009A903B /* BGMLeftMenuViewController.m in Sources */ = {isa = PBXBuildFile; fileRef = 77DE9C2E1C809C4A009A903B /* BGMLeftMenuViewController.m */; };
		77DE9C311C809C4A009A903B /* BGMLeftMenuViewController.xib in Resources */ = {isa = PBXBuildFile; fileRef = 77DE9C2F1C809C4A009A903B /* BGMLeftMenuViewController.xib */; };
		77DE9C3B1C81C160009A903B /* BGMDetailViewController.m in Sources */ = {isa = PBXBuildFile; fileRef = 77DE9C391C81C160009A903B /* BGMDetailViewController.m */; };
		77DE9C3C1C81C160009A903B /* BGMDetailViewController.xib in Resources */ = {isa = PBXBuildFile; fileRef = 77DE9C3A1C81C160009A903B /* BGMDetailViewController.xib */; };
/* End PBXBuildFile section */

/* Begin PBXFileReference section */
		771E3A831C7F004000EFAB37 /* BGMListForIOS.app */ = {isa = PBXFileReference; explicitFileType = wrapper.application; includeInIndex = 0; path = BGMListForIOS.app; sourceTree = BUILT_PRODUCTS_DIR; };
		771E3A871C7F004000EFAB37 /* main.m */ = {isa = PBXFileReference; lastKnownFileType = sourcecode.c.objc; path = main.m; sourceTree = "<group>"; };
		771E3A891C7F004000EFAB37 /* AppDelegate.h */ = {isa = PBXFileReference; lastKnownFileType = sourcecode.c.h; path = AppDelegate.h; sourceTree = "<group>"; };
		771E3A8A1C7F004000EFAB37 /* AppDelegate.m */ = {isa = PBXFileReference; lastKnownFileType = sourcecode.c.objc; path = AppDelegate.m; sourceTree = "<group>"; };
		771E3A8C1C7F004000EFAB37 /* BGMListForIOS-Prefix.pch */ = {isa = PBXFileReference; lastKnownFileType = sourcecode.c.h; path = "BGMListForIOS-Prefix.pch"; sourceTree = "<group>"; };
		771E3A8E1C7F004000EFAB37 /* Assets.xcassets */ = {isa = PBXFileReference; lastKnownFileType = folder.assetcatalog; path = Assets.xcassets; sourceTree = "<group>"; };
		771E3A911C7F004000EFAB37 /* Base */ = {isa = PBXFileReference; lastKnownFileType = file.storyboard; name = Base; path = Base.lproj/LaunchScreen.storyboard; sourceTree = "<group>"; };
		771E3A931C7F004000EFAB37 /* Info.plist */ = {isa = PBXFileReference; lastKnownFileType = text.plist.xml; path = Info.plist; sourceTree = "<group>"; };
		771E3A9C1C7F012800EFAB37 /* BGMBangumi.h */ = {isa = PBXFileReference; fileEncoding = 4; lastKnownFileType = sourcecode.c.h; path = BGMBangumi.h; sourceTree = "<group>"; };
		771E3A9D1C7F012800EFAB37 /* BGMBangumi.m */ = {isa = PBXFileReference; fileEncoding = 4; lastKnownFileType = sourcecode.c.objc; path = BGMBangumi.m; sourceTree = "<group>"; };
		771E3A9F1C7F0A0F00EFAB37 /* BGMSeason.h */ = {isa = PBXFileReference; fileEncoding = 4; lastKnownFileType = sourcecode.c.h; path = BGMSeason.h; sourceTree = "<group>"; };
		771E3AA01C7F0A1000EFAB37 /* BGMSeason.m */ = {isa = PBXFileReference; fileEncoding = 4; lastKnownFileType = sourcecode.c.objc; path = BGMSeason.m; sourceTree = "<group>"; };
		7729750E1C7F308D004586A2 /* BGMBangumiStore.h */ = {isa = PBXFileReference; fileEncoding = 4; lastKnownFileType = sourcecode.c.h; path = BGMBangumiStore.h; sourceTree = "<group>"; };
		7729750F1C7F308D004586A2 /* BGMBangumiStore.m */ = {isa = PBXFileReference; fileEncoding = 4; lastKnownFileType = sourcecode.c.objc; path = BGMBangumiStore.m; sourceTree = "<group>"; };
		772975141C7F3578004586A2 /* BGMTableViewController.h */ = {isa = PBXFileReference; fileEncoding = 4; lastKnownFileType = sourcecode.c.h; path = BGMTableViewController.h; sourceTree = "<group>"; };
		772975151C7F3578004586A2 /* BGMTableViewController.m */ = {isa = PBXFileReference; fileEncoding = 4; lastKnownFileType = sourcecode.c.objc; path = BGMTableViewController.m; sourceTree = "<group>"; };
		774489471C8228180058110D /* BGMImageStore.h */ = {isa = PBXFileReference; fileEncoding = 4; lastKnownFileType = sourcecode.c.h; path = BGMImageStore.h; sourceTree = "<group>"; };
		774489481C8228180058110D /* BGMImageStore.m */ = {isa = PBXFileReference; fileEncoding = 4; lastKnownFileType = sourcecode.c.objc; path = BGMImageStore.m; sourceTree = "<group>"; };
		7744894A1C84A88E0058110D /* BGMDataStore.h */ = {isa = PBXFileReference; fileEncoding = 4; lastKnownFileType = sourcecode.c.h; path = BGMDataStore.h; sourceTree = "<group>"; };
		7744894B1C84A88E0058110D /* BGMDataStore.m */ = {isa = PBXFileReference; fileEncoding = 4; lastKnownFileType = sourcecode.c.objc; path = BGMDataStore.m; sourceTree = "<group>"; };
		77DE9C2D1C809C4A009A903B /* BGMLeftMenuViewController.h */ = {isa = PBXFileReference; fileEncoding = 4; lastKnownFileType = sourcecode.c.h; path = BGMLeftMenuViewController.h; sourceTree = "<group>"; };
		77DE9C2E1C809C4A009A903B /* BGMLeftMenuViewController.m */ = {isa = PBXFileReference; fileEncoding = 4; lastKnownFileType = sourcecode.c.objc; path = BGMLeftMenuViewController.m; sourceTree = "<group>"; };
		77DE9C2F1C809C4A009A903B /* BGMLeftMenuViewController.xib */ = {isa = PBXFileReference; fileEncoding = 4; lastKnownFileType = file.xib; path = BGMLeftMenuViewController.xib; sourceTree = "<group>"; };
		77DE9C381C81C160009A903B /* BGMDetailViewController.h */ = {isa = PBXFileReference; fileEncoding = 4; lastKnownFileType = sourcecode.c.h; path = BGMDetailViewController.h; sourceTree = "<group>"; };
		77DE9C391C81C160009A903B /* BGMDetailViewController.m */ = {isa = PBXFileReference; fileEncoding = 4; lastKnownFileType = sourcecode.c.objc; path = BGMDetailViewController.m; sourceTree = "<group>"; };
		77DE9C3A1C81C160009A903B /* BGMDetailViewController.xib */ = {isa = PBXFileReference; fileEncoding = 4; lastKnownFileType = file.xib; path = BGMDetailViewController.xib; sourceTree = "<group>"; };
/* End PBXFileReference section */

/* Begin PBXFrameworksBuildPhase section */
		771E3A801C7F004000EFAB37 /* Frameworks */ = {
			isa = PBXFrameworksBuildPhase;
			buildActionMask = 2147483647;
			files = (
			);
			runOnlyForDeploymentPostprocessing = 0;
		};
/* End PBXFrameworksBuildPhase section */

/* Begin PBXGroup section */
		771E3A7A1C7F004000EFAB37 = {
			isa = PBXGroup;
			children = (
				771E3A851C7F004000EFAB37 /* BGMListForIOS */,
				771E3A841C7F004000EFAB37 /* Products */,
			);
			sourceTree = "<group>";
		};
		771E3A841C7F004000EFAB37 /* Products */ = {
			isa = PBXGroup;
			children = (
				771E3A831C7F004000EFAB37 /* BGMListForIOS.app */,
			);
			name = Products;
			sourceTree = "<group>";
		};
		771E3A851C7F004000EFAB37 /* BGMListForIOS */ = {
			isa = PBXGroup;
			children = (
				771E3A891C7F004000EFAB37 /* AppDelegate.h */,
				771E3A8A1C7F004000EFAB37 /* AppDelegate.m */,
				771E3A9C1C7F012800EFAB37 /* BGMBangumi.h */,
				771E3A9D1C7F012800EFAB37 /* BGMBangumi.m */,
				771E3A9F1C7F0A0F00EFAB37 /* BGMSeason.h */,
				771E3AA01C7F0A1000EFAB37 /* BGMSeason.m */,
				7729750E1C7F308D004586A2 /* BGMBangumiStore.h */,
				7729750F1C7F308D004586A2 /* BGMBangumiStore.m */,
				7744894A1C84A88E0058110D /* BGMDataStore.h */,
				7744894B1C84A88E0058110D /* BGMDataStore.m */,
				774489471C8228180058110D /* BGMImageStore.h */,
				774489481C8228180058110D /* BGMImageStore.m */,
				772975141C7F3578004586A2 /* BGMTableViewController.h */,
				772975151C7F3578004586A2 /* BGMTableViewController.m */,
				77DE9C381C81C160009A903B /* BGMDetailViewController.h */,
				77DE9C391C81C160009A903B /* BGMDetailViewController.m */,
				77DE9C3A1C81C160009A903B /* BGMDetailViewController.xib */,
				77DE9C2D1C809C4A009A903B /* BGMLeftMenuViewController.h */,
				77DE9C2E1C809C4A009A903B /* BGMLeftMenuViewController.m */,
				77DE9C2F1C809C4A009A903B /* BGMLeftMenuViewController.xib */,
				771E3A8C1C7F004000EFAB37 /* BGMListForIOS-Prefix.pch */,
				771E3A8E1C7F004000EFAB37 /* Assets.xcassets */,
				771E3A901C7F004000EFAB37 /* LaunchScreen.storyboard */,
				771E3A931C7F004000EFAB37 /* Info.plist */,
				771E3A861C7F004000EFAB37 /* Supporting Files */,
			);
			path = BGMListForIOS;
			sourceTree = "<group>";
		};
		771E3A861C7F004000EFAB37 /* Supporting Files */ = {
			isa = PBXGroup;
			children = (
				771E3A871C7F004000EFAB37 /* main.m */,
			);
			name = "Supporting Files";
			sourceTree = "<group>";
		};
/* End PBXGroup section */

/* Begin PBXNativeTarget section */
		771E3A821C7F004000EFAB37 /* BGMListForIOS */ = {
			isa = PBXNativeTarget;
			buildConfigurationList = 771E3A961C7F004000EFAB37 /* Build configuration list for PBXNativeTarget "BGMListForIOS" */;
			buildPhases = (
				771E3A7F1C7F004000EFAB37 /* Sources */,
				771E3A801C7F004000EFAB37 /* Frameworks */,
				771E3A811C7F004000EFAB37 /* Resources */,
			);
			buildRules = (
			);
			dependencies = (
			);
			name = BGMListForIOS;
			productName = BGMListForIOS;
			productReference = 771E3A831C7F004000EFAB37 /* BGMListForIOS.app */;
			productType = "com.apple.product-type.application";
		};
/* End PBXNativeTarget section */

/* Begin PBXProject section */
		771E3A7B1C7F004000EFAB37 /* Project object */ = {
			isa = PBXProject;
			attributes = {
				LastUpgradeCheck = 0720;
				ORGANIZATIONNAME = "Axel Han";
				TargetAttributes = {
					771E3A821C7F004000EFAB37 = {
						CreatedOnToolsVersion = 7.2.1;
						DevelopmentTeam = 225F6NXZNL;
					};
				};
			};
			buildConfigurationList = 771E3A7E1C7F004000EFAB37 /* Build configuration list for PBXProject "BGMListForIOS" */;
			compatibilityVersion = "Xcode 3.2";
			developmentRegion = English;
			hasScannedForEncodings = 0;
			knownRegions = (
				en,
				Base,
			);
			mainGroup = 771E3A7A1C7F004000EFAB37;
			productRefGroup = 771E3A841C7F004000EFAB37 /* Products */;
			projectDirPath = "";
			projectRoot = "";
			targets = (
				771E3A821C7F004000EFAB37 /* BGMListForIOS */,
			);
		};
/* End PBXProject section */

/* Begin PBXResourcesBuildPhase section */
		771E3A811C7F004000EFAB37 /* Resources */ = {
			isa = PBXResourcesBuildPhase;
			buildActionMask = 2147483647;
			files = (
				77DE9C3C1C81C160009A903B /* BGMDetailViewController.xib in Resources */,
				771E3A921C7F004000EFAB37 /* LaunchScreen.storyboard in Resources */,
				771E3A8F1C7F004000EFAB37 /* Assets.xcassets in Resources */,
				771E3A8D1C7F004000EFAB37 /* BGMListForIOS-Prefix.pch in Resources */,
				77DE9C311C809C4A009A903B /* BGMLeftMenuViewController.xib in Resources */,
			);
			runOnlyForDeploymentPostprocessing = 0;
		};
/* End PBXResourcesBuildPhase section */

/* Begin PBXSourcesBuildPhase section */
		771E3A7F1C7F004000EFAB37 /* Sources */ = {
			isa = PBXSourcesBuildPhase;
			buildActionMask = 2147483647;
			files = (
				772975161C7F3578004586A2 /* BGMTableViewController.m in Sources */,
				771E3A9E1C7F012800EFAB37 /* BGMBangumi.m in Sources */,
				774489491C8228180058110D /* BGMImageStore.m in Sources */,
				771E3AA11C7F0A1000EFAB37 /* BGMSeason.m in Sources */,
				7744894C1C84A88E0058110D /* BGMDataStore.m in Sources */,
				771E3A8B1C7F004000EFAB37 /* AppDelegate.m in Sources */,
				77DE9C3B1C81C160009A903B /* BGMDetailViewController.m in Sources */,
				77DE9C301C809C4A009A903B /* BGMLeftMenuViewController.m in Sources */,
				772975101C7F308D004586A2 /* BGMBangumiStore.m in Sources */,
				771E3A881C7F004000EFAB37 /* main.m in Sources */,
			);
			runOnlyForDeploymentPostprocessing = 0;
		};
/* End PBXSourcesBuildPhase section */

/* Begin PBXVariantGroup section */
		771E3A901C7F004000EFAB37 /* LaunchScreen.storyboard */ = {
			isa = PBXVariantGroup;
			children = (
				771E3A911C7F004000EFAB37 /* Base */,
			);
			name = LaunchScreen.storyboard;
			sourceTree = "<group>";
		};
/* End PBXVariantGroup section */

/* Begin XCBuildConfiguration section */
		771E3A941C7F004000EFAB37 /* Debug */ = {
			isa = XCBuildConfiguration;
			buildSettings = {
				ALWAYS_SEARCH_USER_PATHS = NO;
				CLANG_CXX_LANGUAGE_STANDARD = "gnu++0x";
				CLANG_CXX_LIBRARY = "libc++";
				CLANG_ENABLE_MODULES = YES;
				CLANG_ENABLE_OBJC_ARC = YES;
				CLANG_WARN_BOOL_CONVERSION = YES;
				CLANG_WARN_CONSTANT_CONVERSION = YES;
				CLANG_WARN_DIRECT_OBJC_ISA_USAGE = YES_ERROR;
				CLANG_WARN_EMPTY_BODY = YES;
				CLANG_WARN_ENUM_CONVERSION = YES;
				CLANG_WARN_INT_CONVERSION = YES;
				CLANG_WARN_OBJC_ROOT_CLASS = YES_ERROR;
				CLANG_WARN_UNREACHABLE_CODE = YES;
				CLANG_WARN__DUPLICATE_METHOD_MATCH = YES;
				"CODE_SIGN_IDENTITY[sdk=iphoneos*]" = "iPhone Developer";
				COPY_PHASE_STRIP = NO;
				DEBUG_INFORMATION_FORMAT = dwarf;
				ENABLE_STRICT_OBJC_MSGSEND = YES;
				ENABLE_TESTABILITY = YES;
				GCC_C_LANGUAGE_STANDARD = gnu99;
				GCC_DYNAMIC_NO_PIC = NO;
				GCC_NO_COMMON_BLOCKS = YES;
				GCC_OPTIMIZATION_LEVEL = 0;
				GCC_PREPROCESSOR_DEFINITIONS = (
					"DEBUG=1",
					"$(inherited)",
				);
				GCC_WARN_64_TO_32_BIT_CONVERSION = YES;
				GCC_WARN_ABOUT_RETURN_TYPE = YES_ERROR;
				GCC_WARN_UNDECLARED_SELECTOR = YES;
				GCC_WARN_UNINITIALIZED_AUTOS = YES_AGGRESSIVE;
				GCC_WARN_UNUSED_FUNCTION = YES;
				GCC_WARN_UNUSED_VARIABLE = YES;
				IPHONEOS_DEPLOYMENT_TARGET = 9.2;
				MTL_ENABLE_DEBUG_INFO = YES;
				ONLY_ACTIVE_ARCH = YES;
				SDKROOT = iphoneos;
			};
			name = Debug;
		};
		771E3A951C7F004000EFAB37 /* Release */ = {
			isa = XCBuildConfiguration;
			buildSettings = {
				ALWAYS_SEARCH_USER_PATHS = NO;
				CLANG_CXX_LANGUAGE_STANDARD = "gnu++0x";
				CLANG_CXX_LIBRARY = "libc++";
				CLANG_ENABLE_MODULES = YES;
				CLANG_ENABLE_OBJC_ARC = YES;
				CLANG_WARN_BOOL_CONVERSION = YES;
				CLANG_WARN_CONSTANT_CONVERSION = YES;
				CLANG_WARN_DIRECT_OBJC_ISA_USAGE = YES_ERROR;
				CLANG_WARN_EMPTY_BODY = YES;
				CLANG_WARN_ENUM_CONVERSION = YES;
				CLANG_WARN_INT_CONVERSION = YES;
				CLANG_WARN_OBJC_ROOT_CLASS = YES_ERROR;
				CLANG_WARN_UNREACHABLE_CODE = YES;
				CLANG_WARN__DUPLICATE_METHOD_MATCH = YES;
				"CODE_SIGN_IDENTITY[sdk=iphoneos*]" = "iPhone Developer";
				COPY_PHASE_STRIP = NO;
				DEBUG_INFORMATION_FORMAT = "dwarf-with-dsym";
				ENABLE_NS_ASSERTIONS = NO;
				ENABLE_STRICT_OBJC_MSGSEND = YES;
				GCC_C_LANGUAGE_STANDARD = gnu99;
				GCC_NO_COMMON_BLOCKS = YES;
				GCC_WARN_64_TO_32_BIT_CONVERSION = YES;
				GCC_WARN_ABOUT_RETURN_TYPE = YES_ERROR;
				GCC_WARN_UNDECLARED_SELECTOR = YES;
				GCC_WARN_UNINITIALIZED_AUTOS = YES_AGGRESSIVE;
				GCC_WARN_UNUSED_FUNCTION = YES;
				GCC_WARN_UNUSED_VARIABLE = YES;
				IPHONEOS_DEPLOYMENT_TARGET = 9.2;
				MTL_ENABLE_DEBUG_INFO = NO;
				SDKROOT = iphoneos;
				VALIDATE_PRODUCT = YES;
			};
			name = Release;
		};
		771E3A971C7F004000EFAB37 /* Debug */ = {
			isa = XCBuildConfiguration;
			buildSettings = {
				ASSETCATALOG_COMPILER_APPICON_NAME = AppIcon;
				INFOPLIST_FILE = BGMListForIOS/Info.plist;
				LD_RUNPATH_SEARCH_PATHS = "$(inherited) @executable_path/Frameworks";
				PRODUCT_BUNDLE_IDENTIFIER = com.axknightroad.BGMListForIOS;
				PRODUCT_NAME = "$(TARGET_NAME)";
			};
			name = Debug;
		};
		771E3A981C7F004000EFAB37 /* Release */ = {
			isa = XCBuildConfiguration;
			buildSettings = {
				ASSETCATALOG_COMPILER_APPICON_NAME = AppIcon;
				INFOPLIST_FILE = BGMListForIOS/Info.plist;
				LD_RUNPATH_SEARCH_PATHS = "$(inherited) @executable_path/Frameworks";
				PRODUCT_BUNDLE_IDENTIFIER = com.axknightroad.BGMListForIOS;
				PRODUCT_NAME = "$(TARGET_NAME)";
			};
			name = Release;
		};
/* End XCBuildConfiguration section */

/* Begin XCConfigurationList section */
		771E3A7E1C7F004000EFAB37 /* Build configuration list for PBXProject "BGMListForIOS" */ = {
			isa = XCConfigurationList;
			buildConfigurations = (
				771E3A941C7F004000EFAB37 /* Debug */,
				771E3A951C7F004000EFAB37 /* Release */,
			);
			defaultConfigurationIsVisible = 0;
			defaultConfigurationName = Release;
		};
		771E3A961C7F004000EFAB37 /* Build configuration list for PBXNativeTarget "BGMListForIOS" */ = {
			isa = XCConfigurationList;
			buildConfigurations = (
				771E3A971C7F004000EFAB37 /* Debug */,
				771E3A981C7F004000EFAB37 /* Release */,
			);
			defaultConfigurationIsVisible = 0;
			defaultConfigurationName = Release;
		};
/* End XCConfigurationList section */
	};
	rootObject = 771E3A7B1C7F004000EFAB37 /* Project object */;
}
